
Microsoft Visual Studio Solution File, Format Version 12.00
# Visual Studio Version 17
VisualStudioVersion = 17.4.33103.184
MinimumVisualStudioVersion = 10.0.40219.1
Project("{FAE04EC0-301F-11D3-BF4B-00C04F79EFBC}") = "WebConsumer", "WebConsumer\WebConsumer.csproj", "{FE9C032E-F5D1-4E45-8B3B-0D1EE5D4B6C0}"
EndProject
Global
	GlobalSection(SolutionConfigurationPlatforms) = preSolution
		Debug|Any CPU = Debug|Any CPU
		Release|Any CPU = Release|Any CPU
	EndGlobalSection
	GlobalSection(ProjectConfigurationPlatforms) = postSolution
		{FE9C032E-F5D1-4E45-8B3B-0D1EE5D4B6C0}.Debug|Any CPU.ActiveCfg = Debug|Any CPU
		{FE9C032E-F5D1-4E45-8B3B-0D1EE5D4B6C0}.Debug|Any CPU.Build.0 = Debug|Any CPU
		{FE9C032E-F5D1-4E45-8B3B-0D1EE5D4B6C0}.Release|Any CPU.ActiveCfg = Release|Any CPU
		{FE9C032E-F5D1-4E45-8B3B-0D1EE5D4B6C0}.Release|Any CPU.Build.0 = Release|Any CPU
	EndGlobalSection
	GlobalSection(SolutionProperties) = preSolution
		HideSolutionNode = FALSE
	EndGlobalSection
	GlobalSection(ExtensibilityGlobals) = postSolution
		SolutionGuid = {2F6A2E32-BE43-47C4-AEE4-21FD687970FF}
	EndGlobalSection
EndGlobal
